// !$*UTF8*$!
{
	archiveVersion = 1;
	classes = {
	};
	objectVersion = 48;
	objects = {

/* Begin PBXBuildFile section */
		0F123C1C200CB20E0071DF9E /* G_Cache.m in Sources */ = {isa = PBXBuildFile; fileRef = 0F123C1B200CB20D0071DF9E /* G_Cache.m */; };
		0F123C1F200CB4B40071DF9E /* G_Session.m in Sources */ = {isa = PBXBuildFile; fileRef = 0F123C1E200CB4B40071DF9E /* G_Session.m */; };
		0F13BB82200DB0BD007CB9AE /* G_SessionObserver.m in Sources */ = {isa = PBXBuildFile; fileRef = 0F13BB81200DB0BD007CB9AE /* G_SessionObserver.m */; };
		0F13BB85200DD84E007CB9AE /* G_BaseHud.m in Sources */ = {isa = PBXBuildFile; fileRef = 0F13BB84200DD84E007CB9AE /* G_BaseHud.m */; };
		0F13BB89200DEDD3007CB9AE /* G_BaseRequest.m in Sources */ = {isa = PBXBuildFile; fileRef = 0F13BB88200DEDD3007CB9AE /* G_BaseRequest.m */; };
		0F13BB8C200DEFBB007CB9AE /* G_BaseCancelToken.m in Sources */ = {isa = PBXBuildFile; fileRef = 0F13BB8B200DEFBB007CB9AE /* G_BaseCancelToken.m */; };
		0F34B35C200CA220005FD49F /* AppDelegate.m in Sources */ = {isa = PBXBuildFile; fileRef = 0F34B35B200CA220005FD49F /* AppDelegate.m */; };
		0F34B35F200CA220005FD49F /* ViewController.m in Sources */ = {isa = PBXBuildFile; fileRef = 0F34B35E200CA220005FD49F /* ViewController.m */; };
		0F34B362200CA220005FD49F /* Main.storyboard in Resources */ = {isa = PBXBuildFile; fileRef = 0F34B360200CA220005FD49F /* Main.storyboard */; };
		0F34B364200CA220005FD49F /* Assets.xcassets in Resources */ = {isa = PBXBuildFile; fileRef = 0F34B363200CA220005FD49F /* Assets.xcassets */; };
		0F34B367200CA220005FD49F /* LaunchScreen.storyboard in Resources */ = {isa = PBXBuildFile; fileRef = 0F34B365200CA220005FD49F /* LaunchScreen.storyboard */; };
		0F34B36A200CA220005FD49F /* main.m in Sources */ = {isa = PBXBuildFile; fileRef = 0F34B369200CA220005FD49F /* main.m */; };
		0F34B373200CA4BE005FD49F /* G_BaseViewController.m in Sources */ = {isa = PBXBuildFile; fileRef = 0F34B372200CA4BE005FD49F /* G_BaseViewController.m */; };
		0F34B376200CA528005FD49F /* G_BaseTableView.m in Sources */ = {isa = PBXBuildFile; fileRef = 0F34B375200CA527005FD49F /* G_BaseTableView.m */; };
		0FB485AB200EE55100A6E799 /* G_BaseRequestTarget.m in Sources */ = {isa = PBXBuildFile; fileRef = 0FB485AA200EE55100A6E799 /* G_BaseRequestTarget.m */; };
		0FB485AE200EE61200A6E799 /* G_BaseRequestParameter.m in Sources */ = {isa = PBXBuildFile; fileRef = 0FB485AD200EE61200A6E799 /* G_BaseRequestParameter.m */; };
		0FB485B1200F207900A6E799 /* G_BaseTarget.m in Sources */ = {isa = PBXBuildFile; fileRef = 0FB485B0200F207900A6E799 /* G_BaseTarget.m */; };
		0FB485B5200F344E00A6E799 /* G_BaseApp.m in Sources */ = {isa = PBXBuildFile; fileRef = 0FB485B4200F344E00A6E799 /* G_BaseApp.m */; };
		54402BB25CF51F416FF9FC28 /* libPods-GeBase.a in Frameworks */ = {isa = PBXBuildFile; fileRef = E42236DA1FCAB632EB7DA5DB /* libPods-GeBase.a */; };
		DAC5D2904B56943A64BD47DA /* G_Database.m in Sources */ = {isa = PBXBuildFile; fileRef = DACBB64EE14477931FF9CF0B /* G_Database.m */; };
		DAC82BD5ACF2F80E7DAF5458 /* G_JsonORM.m in Sources */ = {isa = PBXBuildFile; fileRef = DAC05ADF5DC39431A31F6105 /* G_JsonORM.m */; };
/* End PBXBuildFile section */

/* Begin PBXFileReference section */
		0F123C1A200CB20D0071DF9E /* G_Cache.h */ = {isa = PBXFileReference; lastKnownFileType = sourcecode.c.h; path = G_Cache.h; sourceTree = "<group>"; };
		0F123C1B200CB20D0071DF9E /* G_Cache.m */ = {isa = PBXFileReference; lastKnownFileType = sourcecode.c.objc; path = G_Cache.m; sourceTree = "<group>"; };
		0F123C1D200CB4B40071DF9E /* G_Session.h */ = {isa = PBXFileReference; lastKnownFileType = sourcecode.c.h; path = G_Session.h; sourceTree = "<group>"; };
		0F123C1E200CB4B40071DF9E /* G_Session.m */ = {isa = PBXFileReference; lastKnownFileType = sourcecode.c.objc; path = G_Session.m; sourceTree = "<group>"; };
		0F13BB80200DB0BD007CB9AE /* G_SessionObserver.h */ = {isa = PBXFileReference; lastKnownFileType = sourcecode.c.h; path = G_SessionObserver.h; sourceTree = "<group>"; };
		0F13BB81200DB0BD007CB9AE /* G_SessionObserver.m */ = {isa = PBXFileReference; lastKnownFileType = sourcecode.c.objc; path = G_SessionObserver.m; sourceTree = "<group>"; };
		0F13BB83200DD84E007CB9AE /* G_BaseHud.h */ = {isa = PBXFileReference; lastKnownFileType = sourcecode.c.h; path = G_BaseHud.h; sourceTree = "<group>"; };
		0F13BB84200DD84E007CB9AE /* G_BaseHud.m */ = {isa = PBXFileReference; lastKnownFileType = sourcecode.c.objc; path = G_BaseHud.m; sourceTree = "<group>"; };
		0F13BB87200DEDD3007CB9AE /* G_BaseRequest.h */ = {isa = PBXFileReference; lastKnownFileType = sourcecode.c.h; path = G_BaseRequest.h; sourceTree = "<group>"; };
		0F13BB88200DEDD3007CB9AE /* G_BaseRequest.m */ = {isa = PBXFileReference; lastKnownFileType = sourcecode.c.objc; path = G_BaseRequest.m; sourceTree = "<group>"; };
		0F13BB8A200DEFBB007CB9AE /* G_BaseCancelToken.h */ = {isa = PBXFileReference; lastKnownFileType = sourcecode.c.h; path = G_BaseCancelToken.h; sourceTree = "<group>"; };
		0F13BB8B200DEFBB007CB9AE /* G_BaseCancelToken.m */ = {isa = PBXFileReference; lastKnownFileType = sourcecode.c.objc; path = G_BaseCancelToken.m; sourceTree = "<group>"; };
		0F34B357200CA220005FD49F /* GeBase.app */ = {isa = PBXFileReference; explicitFileType = wrapper.application; includeInIndex = 0; path = GeBase.app; sourceTree = BUILT_PRODUCTS_DIR; };
		0F34B35A200CA220005FD49F /* AppDelegate.h */ = {isa = PBXFileReference; lastKnownFileType = sourcecode.c.h; path = AppDelegate.h; sourceTree = "<group>"; };
		0F34B35B200CA220005FD49F /* AppDelegate.m */ = {isa = PBXFileReference; lastKnownFileType = sourcecode.c.objc; path = AppDelegate.m; sourceTree = "<group>"; };
		0F34B35D200CA220005FD49F /* ViewController.h */ = {isa = PBXFileReference; lastKnownFileType = sourcecode.c.h; path = ViewController.h; sourceTree = "<group>"; };
		0F34B35E200CA220005FD49F /* ViewController.m */ = {isa = PBXFileReference; lastKnownFileType = sourcecode.c.objc; path = ViewController.m; sourceTree = "<group>"; };
		0F34B361200CA220005FD49F /* Base */ = {isa = PBXFileReference; lastKnownFileType = file.storyboard; name = Base; path = Base.lproj/Main.storyboard; sourceTree = "<group>"; };
		0F34B363200CA220005FD49F /* Assets.xcassets */ = {isa = PBXFileReference; lastKnownFileType = folder.assetcatalog; path = Assets.xcassets; sourceTree = "<group>"; };
		0F34B366200CA220005FD49F /* Base */ = {isa = PBXFileReference; lastKnownFileType = file.storyboard; name = Base; path = Base.lproj/LaunchScreen.storyboard; sourceTree = "<group>"; };
		0F34B368200CA220005FD49F /* Info.plist */ = {isa = PBXFileReference; lastKnownFileType = text.plist.xml; path = Info.plist; sourceTree = "<group>"; };
		0F34B369200CA220005FD49F /* main.m */ = {isa = PBXFileReference; lastKnownFileType = sourcecode.c.objc; path = main.m; sourceTree = "<group>"; };
		0F34B371200CA4BE005FD49F /* G_BaseViewController.h */ = {isa = PBXFileReference; lastKnownFileType = sourcecode.c.h; path = G_BaseViewController.h; sourceTree = "<group>"; };
		0F34B372200CA4BE005FD49F /* G_BaseViewController.m */ = {isa = PBXFileReference; lastKnownFileType = sourcecode.c.objc; path = G_BaseViewController.m; sourceTree = "<group>"; };
		0F34B374200CA527005FD49F /* G_BaseTableView.h */ = {isa = PBXFileReference; lastKnownFileType = sourcecode.c.h; path = G_BaseTableView.h; sourceTree = "<group>"; };
		0F34B375200CA527005FD49F /* G_BaseTableView.m */ = {isa = PBXFileReference; lastKnownFileType = sourcecode.c.objc; path = G_BaseTableView.m; sourceTree = "<group>"; };
		0FB485A9200EE55100A6E799 /* G_BaseRequestTarget.h */ = {isa = PBXFileReference; lastKnownFileType = sourcecode.c.h; path = G_BaseRequestTarget.h; sourceTree = "<group>"; };
		0FB485AA200EE55100A6E799 /* G_BaseRequestTarget.m */ = {isa = PBXFileReference; lastKnownFileType = sourcecode.c.objc; path = G_BaseRequestTarget.m; sourceTree = "<group>"; };
		0FB485AC200EE61200A6E799 /* G_BaseRequestParameter.h */ = {isa = PBXFileReference; lastKnownFileType = sourcecode.c.h; path = G_BaseRequestParameter.h; sourceTree = "<group>"; };
		0FB485AD200EE61200A6E799 /* G_BaseRequestParameter.m */ = {isa = PBXFileReference; lastKnownFileType = sourcecode.c.objc; path = G_BaseRequestParameter.m; sourceTree = "<group>"; };
		0FB485AF200F207900A6E799 /* G_BaseTarget.h */ = {isa = PBXFileReference; lastKnownFileType = sourcecode.c.h; path = G_BaseTarget.h; sourceTree = "<group>"; };
		0FB485B0200F207900A6E799 /* G_BaseTarget.m */ = {isa = PBXFileReference; lastKnownFileType = sourcecode.c.objc; path = G_BaseTarget.m; sourceTree = "<group>"; };
		0FB485B3200F344E00A6E799 /* G_BaseApp.h */ = {isa = PBXFileReference; lastKnownFileType = sourcecode.c.h; path = G_BaseApp.h; sourceTree = "<group>"; };
		0FB485B4200F344E00A6E799 /* G_BaseApp.m */ = {isa = PBXFileReference; lastKnownFileType = sourcecode.c.objc; path = G_BaseApp.m; sourceTree = "<group>"; };
		1525C5305CA81EF1F0B526C1 /* Pods-GeBase.debug.xcconfig */ = {isa = PBXFileReference; includeInIndex = 1; lastKnownFileType = text.xcconfig; name = "Pods-GeBase.debug.xcconfig"; path = "Pods/Target Support Files/Pods-GeBase/Pods-GeBase.debug.xcconfig"; sourceTree = "<group>"; };
		35BD6864E5F77CBAEC910C87 /* Pods-GeBase.release.xcconfig */ = {isa = PBXFileReference; includeInIndex = 1; lastKnownFileType = text.xcconfig; name = "Pods-GeBase.release.xcconfig"; path = "Pods/Target Support Files/Pods-GeBase/Pods-GeBase.release.xcconfig"; sourceTree = "<group>"; };
		DAC05ADF5DC39431A31F6105 /* G_JsonORM.m */ = {isa = PBXFileReference; fileEncoding = 4; lastKnownFileType = sourcecode.c.objc; path = G_JsonORM.m; sourceTree = "<group>"; };
		DAC88077A9AD6A7B9982D1A6 /* G_JsonORM.h */ = {isa = PBXFileReference; fileEncoding = 4; lastKnownFileType = sourcecode.c.h; path = G_JsonORM.h; sourceTree = "<group>"; };
		DACAD8A0A68701BD7E49BC5E /* G_Database.h */ = {isa = PBXFileReference; fileEncoding = 4; lastKnownFileType = sourcecode.c.h; path = G_Database.h; sourceTree = "<group>"; };
		DACBB64EE14477931FF9CF0B /* G_Database.m */ = {isa = PBXFileReference; fileEncoding = 4; lastKnownFileType = sourcecode.c.objc; path = G_Database.m; sourceTree = "<group>"; };
		E42236DA1FCAB632EB7DA5DB /* libPods-GeBase.a */ = {isa = PBXFileReference; explicitFileType = archive.ar; includeInIndex = 0; path = "libPods-GeBase.a"; sourceTree = BUILT_PRODUCTS_DIR; };
/* End PBXFileReference section */

/* Begin PBXFrameworksBuildPhase section */
		0F34B354200CA220005FD49F /* Frameworks */ = {
			isa = PBXFrameworksBuildPhase;
			buildActionMask = 2147483647;
			files = (
				54402BB25CF51F416FF9FC28 /* libPods-GeBase.a in Frameworks */,
			);
			runOnlyForDeploymentPostprocessing = 0;
		};
/* End PBXFrameworksBuildPhase section */

/* Begin PBXGroup section */
		0F123C19200CB1F50071DF9E /* Data */ = {
			isa = PBXGroup;
			children = (
				0F123C1A200CB20D0071DF9E /* G_Cache.h */,
				0F123C1B200CB20D0071DF9E /* G_Cache.m */,
				0F123C1D200CB4B40071DF9E /* G_Session.h */,
				0F123C1E200CB4B40071DF9E /* G_Session.m */,
				0F13BB80200DB0BD007CB9AE /* G_SessionObserver.h */,
				0F13BB81200DB0BD007CB9AE /* G_SessionObserver.m */,
			);
			path = Data;
			sourceTree = "<group>";
		};
		0F13BB86200DE905007CB9AE /* Network */ = {
			isa = PBXGroup;
			children = (
				0F13BB87200DEDD3007CB9AE /* G_BaseRequest.h */,
				0F13BB88200DEDD3007CB9AE /* G_BaseRequest.m */,
				0F13BB8A200DEFBB007CB9AE /* G_BaseCancelToken.h */,
				0F13BB8B200DEFBB007CB9AE /* G_BaseCancelToken.m */,
				0FB485A9200EE55100A6E799 /* G_BaseRequestTarget.h */,
				0FB485AA200EE55100A6E799 /* G_BaseRequestTarget.m */,
				0FB485AC200EE61200A6E799 /* G_BaseRequestParameter.h */,
				0FB485AD200EE61200A6E799 /* G_BaseRequestParameter.m */,
				0FB485AF200F207900A6E799 /* G_BaseTarget.h */,
				0FB485B0200F207900A6E799 /* G_BaseTarget.m */,
			);
			path = Network;
			sourceTree = "<group>";
		};
		0F34B34E200CA220005FD49F = {
			isa = PBXGroup;
			children = (
				0F34B359200CA220005FD49F /* GeBase */,
				0F34B358200CA220005FD49F /* Products */,
				3D7F06DBAE5E72C78B8DD256 /* Pods */,
				4E0EF7A1ED87295B82B37B17 /* Frameworks */,
			);
			sourceTree = "<group>";
		};
		0F34B358200CA220005FD49F /* Products */ = {
			isa = PBXGroup;
			children = (
				0F34B357200CA220005FD49F /* GeBase.app */,
			);
			name = Products;
			sourceTree = "<group>";
		};
		0F34B359200CA220005FD49F /* GeBase */ = {
			isa = PBXGroup;
			children = (
				0FECA056203EBC7000A9C17C /* Database */,
				0FB485B2200F343E00A6E799 /* APP */,
				0F13BB86200DE905007CB9AE /* Network */,
				0F123C19200CB1F50071DF9E /* Data */,
				0F34B370200CA4A1005FD49F /* UI */,
				0F34B35A200CA220005FD49F /* AppDelegate.h */,
				0F34B35B200CA220005FD49F /* AppDelegate.m */,
				0F34B35D200CA220005FD49F /* ViewController.h */,
				0F34B35E200CA220005FD49F /* ViewController.m */,
				0F34B360200CA220005FD49F /* Main.storyboard */,
				0F34B363200CA220005FD49F /* Assets.xcassets */,
				0F34B365200CA220005FD49F /* LaunchScreen.storyboard */,
				0F34B368200CA220005FD49F /* Info.plist */,
				0F34B369200CA220005FD49F /* main.m */,
			);
			path = GeBase;
			sourceTree = "<group>";
		};
		0F34B370200CA4A1005FD49F /* UI */ = {
			isa = PBXGroup;
			children = (
				0F34B371200CA4BE005FD49F /* G_BaseViewController.h */,
				0F34B372200CA4BE005FD49F /* G_BaseViewController.m */,
				0F34B374200CA527005FD49F /* G_BaseTableView.h */,
				0F34B375200CA527005FD49F /* G_BaseTableView.m */,
				0F13BB83200DD84E007CB9AE /* G_BaseHud.h */,
				0F13BB84200DD84E007CB9AE /* G_BaseHud.m */,
			);
			path = UI;
			sourceTree = "<group>";
		};
		0FB485B2200F343E00A6E799 /* APP */ = {
			isa = PBXGroup;
			children = (
				0FB485B3200F344E00A6E799 /* G_BaseApp.h */,
				0FB485B4200F344E00A6E799 /* G_BaseApp.m */,
			);
			path = APP;
			sourceTree = "<group>";
		};
		0FECA056203EBC7000A9C17C /* Database */ = {
			isa = PBXGroup;
			children = (
				DACBB64EE14477931FF9CF0B /* G_Database.m */,
				DACAD8A0A68701BD7E49BC5E /* G_Database.h */,
				DAC05ADF5DC39431A31F6105 /* G_JsonORM.m */,
				DAC88077A9AD6A7B9982D1A6 /* G_JsonORM.h */,
			);
			path = Database;
			sourceTree = "<group>";
		};
		3D7F06DBAE5E72C78B8DD256 /* Pods */ = {
			isa = PBXGroup;
			children = (
				1525C5305CA81EF1F0B526C1 /* Pods-GeBase.debug.xcconfig */,
				35BD6864E5F77CBAEC910C87 /* Pods-GeBase.release.xcconfig */,
			);
			name = Pods;
			sourceTree = "<group>";
		};
		4E0EF7A1ED87295B82B37B17 /* Frameworks */ = {
			isa = PBXGroup;
			children = (
				E42236DA1FCAB632EB7DA5DB /* libPods-GeBase.a */,
			);
			name = Frameworks;
			sourceTree = "<group>";
		};
/* End PBXGroup section */

/* Begin PBXNativeTarget section */
		0F34B356200CA220005FD49F /* GeBase */ = {
			isa = PBXNativeTarget;
			buildConfigurationList = 0F34B36D200CA220005FD49F /* Build configuration list for PBXNativeTarget "GeBase" */;
			buildPhases = (
				619AC0F788663ED3D0A12F8B /* [CP] Check Pods Manifest.lock */,
				0F34B353200CA220005FD49F /* Sources */,
				0F34B354200CA220005FD49F /* Frameworks */,
				0F34B355200CA220005FD49F /* Resources */,
				AC3D38420C951262A691673A /* [CP] Embed Pods Frameworks */,
				D3B4C0948F52DEA71BAC2CD7 /* [CP] Copy Pods Resources */,
			);
			buildRules = (
			);
			dependencies = (
			);
			name = GeBase;
			productName = GeBase;
			productReference = 0F34B357200CA220005FD49F /* GeBase.app */;
			productType = "com.apple.product-type.application";
		};
/* End PBXNativeTarget section */

/* Begin PBXProject section */
		0F34B34F200CA220005FD49F /* Project object */ = {
			isa = PBXProject;
			attributes = {
				LastUpgradeCheck = 0920;
				ORGANIZATIONNAME = "m y";
				TargetAttributes = {
					0F34B356200CA220005FD49F = {
						CreatedOnToolsVersion = 9.2;
						ProvisioningStyle = Manual;
					};
				};
			};
			buildConfigurationList = 0F34B352200CA220005FD49F /* Build configuration list for PBXProject "GeBase" */;
			compatibilityVersion = "Xcode 8.0";
			developmentRegion = en;
			hasScannedForEncodings = 0;
			knownRegions = (
				en,
				Base,
			);
			mainGroup = 0F34B34E200CA220005FD49F;
			productRefGroup = 0F34B358200CA220005FD49F /* Products */;
			projectDirPath = "";
			projectRoot = "";
			targets = (
				0F34B356200CA220005FD49F /* GeBase */,
			);
		};
/* End PBXProject section */

/* Begin PBXResourcesBuildPhase section */
		0F34B355200CA220005FD49F /* Resources */ = {
			isa = PBXResourcesBuildPhase;
			buildActionMask = 2147483647;
			files = (
				0F34B367200CA220005FD49F /* LaunchScreen.storyboard in Resources */,
				0F34B364200CA220005FD49F /* Assets.xcassets in Resources */,
				0F34B362200CA220005FD49F /* Main.storyboard in Resources */,
			);
			runOnlyForDeploymentPostprocessing = 0;
		};
/* End PBXResourcesBuildPhase section */

/* Begin PBXShellScriptBuildPhase section */
		619AC0F788663ED3D0A12F8B /* [CP] Check Pods Manifest.lock */ = {
			isa = PBXShellScriptBuildPhase;
			buildActionMask = 2147483647;
			files = (
			);
			inputPaths = (
				"${PODS_PODFILE_DIR_PATH}/Podfile.lock",
				"${PODS_ROOT}/Manifest.lock",
			);
			name = "[CP] Check Pods Manifest.lock";
			outputPaths = (
				"$(DERIVED_FILE_DIR)/Pods-GeBase-checkManifestLockResult.txt",
			);
			runOnlyForDeploymentPostprocessing = 0;
			shellPath = /bin/sh;
			shellScript = "diff \"${PODS_PODFILE_DIR_PATH}/Podfile.lock\" \"${PODS_ROOT}/Manifest.lock\" > /dev/null\nif [ $? != 0 ] ; then\n    # print error to STDERR\n    echo \"error: The sandbox is not in sync with the Podfile.lock. Run 'pod install' or update your CocoaPods installation.\" >&2\n    exit 1\nfi\n# This output is used by Xcode 'outputs' to avoid re-running this script phase.\necho \"SUCCESS\" > \"${SCRIPT_OUTPUT_FILE_0}\"\n";
			showEnvVarsInLog = 0;
		};
		AC3D38420C951262A691673A /* [CP] Embed Pods Frameworks */ = {
			isa = PBXShellScriptBuildPhase;
			buildActionMask = 2147483647;
			files = (
			);
			inputPaths = (
			);
			name = "[CP] Embed Pods Frameworks";
			outputPaths = (
			);
			runOnlyForDeploymentPostprocessing = 0;
			shellPath = /bin/sh;
			shellScript = "\"${SRCROOT}/Pods/Target Support Files/Pods-GeBase/Pods-GeBase-frameworks.sh\"\n";
			showEnvVarsInLog = 0;
		};
		D3B4C0948F52DEA71BAC2CD7 /* [CP] Copy Pods Resources */ = {
			isa = PBXShellScriptBuildPhase;
			buildActionMask = 2147483647;
			files = (
			);
			inputPaths = (
				"${SRCROOT}/Pods/Target Support Files/Pods-GeBase/Pods-GeBase-resources.sh",
				"${PODS_ROOT}/MJRefresh/MJRefresh/MJRefresh.bundle",
			);
			name = "[CP] Copy Pods Resources";
			outputPaths = (
				"${TARGET_BUILD_DIR}/${UNLOCALIZED_RESOURCES_FOLDER_PATH}",
			);
			runOnlyForDeploymentPostprocessing = 0;
			shellPath = /bin/sh;
			shellScript = "\"${SRCROOT}/Pods/Target Support Files/Pods-GeBase/Pods-GeBase-resources.sh\"\n";
			showEnvVarsInLog = 0;
		};
/* End PBXShellScriptBuildPhase section */

/* Begin PBXSourcesBuildPhase section */
		0F34B353200CA220005FD49F /* Sources */ = {
			isa = PBXSourcesBuildPhase;
			buildActionMask = 2147483647;
			files = (
				0F13BB82200DB0BD007CB9AE /* G_SessionObserver.m in Sources */,
				0F34B35F200CA220005FD49F /* ViewController.m in Sources */,
				0F13BB89200DEDD3007CB9AE /* G_BaseRequest.m in Sources */,
				0F34B373200CA4BE005FD49F /* G_BaseViewController.m in Sources */,
				0FB485AE200EE61200A6E799 /* G_BaseRequestParameter.m in Sources */,
				0F123C1C200CB20E0071DF9E /* G_Cache.m in Sources */,
				0FB485AB200EE55100A6E799 /* G_BaseRequestTarget.m in Sources */,
				0F123C1F200CB4B40071DF9E /* G_Session.m in Sources */,
				0F34B376200CA528005FD49F /* G_BaseTableView.m in Sources */,
				0F34B36A200CA220005FD49F /* main.m in Sources */,
				0FB485B5200F344E00A6E799 /* G_BaseApp.m in Sources */,
				0F13BB8C200DEFBB007CB9AE /* G_BaseCancelToken.m in Sources */,
				0FB485B1200F207900A6E799 /* G_BaseTarget.m in Sources */,
				0F13BB85200DD84E007CB9AE /* G_BaseHud.m in Sources */,
				0F34B35C200CA220005FD49F /* AppDelegate.m in Sources */,
				DAC5D2904B56943A64BD47DA /* G_Database.m in Sources */,
				DAC82BD5ACF2F80E7DAF5458 /* G_JsonORM.m in Sources */,
			);
			runOnlyForDeploymentPostprocessing = 0;
		};
/* End PBXSourcesBuildPhase section */

/* Begin PBXVariantGroup section */
		0F34B360200CA220005FD49F /* Main.storyboard */ = {
			isa = PBXVariantGroup;
			children = (
				0F34B361200CA220005FD49F /* Base */,
			);
			name = Main.storyboard;
			sourceTree = "<group>";
		};
		0F34B365200CA220005FD49F /* LaunchScreen.storyboard */ = {
			isa = PBXVariantGroup;
			children = (
				0F34B366200CA220005FD49F /* Base */,
			);
			name = LaunchScreen.storyboard;
			sourceTree = "<group>";
		};
/* End PBXVariantGroup section */

/* Begin XCBuildConfiguration section */
		0F34B36B200CA220005FD49F /* Debug */ = {
			isa = XCBuildConfiguration;
			buildSettings = {
				ALWAYS_SEARCH_USER_PATHS = NO;
				CLANG_ANALYZER_NONNULL = YES;
				CLANG_ANALYZER_NUMBER_OBJECT_CONVERSION = YES_AGGRESSIVE;
				CLANG_CXX_LANGUAGE_STANDARD = "gnu++14";
				CLANG_CXX_LIBRARY = "libc++";
				CLANG_ENABLE_MODULES = YES;
				CLANG_ENABLE_OBJC_ARC = YES;
				CLANG_WARN_BLOCK_CAPTURE_AUTORELEASING = YES;
				CLANG_WARN_BOOL_CONVERSION = YES;
				CLANG_WARN_COMMA = YES;
				CLANG_WARN_CONSTANT_CONVERSION = YES;
				CLANG_WARN_DIRECT_OBJC_ISA_USAGE = YES_ERROR;
				CLANG_WARN_DOCUMENTATION_COMMENTS = YES;
				CLANG_WARN_EMPTY_BODY = YES;
				CLANG_WARN_ENUM_CONVERSION = YES;
				CLANG_WARN_INFINITE_RECURSION = YES;
				CLANG_WARN_INT_CONVERSION = YES;
				CLANG_WARN_NON_LITERAL_NULL_CONVERSION = YES;
				CLANG_WARN_OBJC_LITERAL_CONVERSION = YES;
				CLANG_WARN_OBJC_ROOT_CLASS = YES_ERROR;
				CLANG_WARN_RANGE_LOOP_ANALYSIS = YES;
				CLANG_WARN_STRICT_PROTOTYPES = YES;
				CLANG_WARN_SUSPICIOUS_MOVE = YES;
				CLANG_WARN_UNGUARDED_AVAILABILITY = YES_AGGRESSIVE;
				CLANG_WARN_UNREACHABLE_CODE = YES;
				CLANG_WARN__DUPLICATE_METHOD_MATCH = YES;
				CODE_SIGN_IDENTITY = "iPhone Developer";
				COPY_PHASE_STRIP = NO;
				DEBUG_INFORMATION_FORMAT = dwarf;
				ENABLE_STRICT_OBJC_MSGSEND = YES;
				ENABLE_TESTABILITY = YES;
				GCC_C_LANGUAGE_STANDARD = gnu11;
				GCC_DYNAMIC_NO_PIC = NO;
				GCC_NO_COMMON_BLOCKS = YES;
				GCC_OPTIMIZATION_LEVEL = 0;
				GCC_PREPROCESSOR_DEFINITIONS = (
					"DEBUG=1",
					"$(inherited)",
				);
				GCC_WARN_64_TO_32_BIT_CONVERSION = YES;
				GCC_WARN_ABOUT_RETURN_TYPE = YES_ERROR;
				GCC_WARN_UNDECLARED_SELECTOR = YES;
				GCC_WARN_UNINITIALIZED_AUTOS = YES_AGGRESSIVE;
				GCC_WARN_UNUSED_FUNCTION = YES;
				GCC_WARN_UNUSED_VARIABLE = YES;
				IPHONEOS_DEPLOYMENT_TARGET = 11.2;
				MTL_ENABLE_DEBUG_INFO = YES;
				ONLY_ACTIVE_ARCH = YES;
				SDKROOT = iphoneos;
			};
			name = Debug;
		};
		0F34B36C200CA220005FD49F /* Release */ = {
			isa = XCBuildConfiguration;
			buildSettings = {
				ALWAYS_SEARCH_USER_PATHS = NO;
				CLANG_ANALYZER_NONNULL = YES;
				CLANG_ANALYZER_NUMBER_OBJECT_CONVERSION = YES_AGGRESSIVE;
				CLANG_CXX_LANGUAGE_STANDARD = "gnu++14";
				CLANG_CXX_LIBRARY = "libc++";
				CLANG_ENABLE_MODULES = YES;
				CLANG_ENABLE_OBJC_ARC = YES;
				CLANG_WARN_BLOCK_CAPTURE_AUTORELEASING = YES;
				CLANG_WARN_BOOL_CONVERSION = YES;
				CLANG_WARN_COMMA = YES;
				CLANG_WARN_CONSTANT_CONVERSION = YES;
				CLANG_WARN_DIRECT_OBJC_ISA_USAGE = YES_ERROR;
				CLANG_WARN_DOCUMENTATION_COMMENTS = YES;
				CLANG_WARN_EMPTY_BODY = YES;
				CLANG_WARN_ENUM_CONVERSION = YES;
				CLANG_WARN_INFINITE_RECURSION = YES;
				CLANG_WARN_INT_CONVERSION = YES;
				CLANG_WARN_NON_LITERAL_NULL_CONVERSION = YES;
				CLANG_WARN_OBJC_LITERAL_CONVERSION = YES;
				CLANG_WARN_OBJC_ROOT_CLASS = YES_ERROR;
				CLANG_WARN_RANGE_LOOP_ANALYSIS = YES;
				CLANG_WARN_STRICT_PROTOTYPES = YES;
				CLANG_WARN_SUSPICIOUS_MOVE = YES;
				CLANG_WARN_UNGUARDED_AVAILABILITY = YES_AGGRESSIVE;
				CLANG_WARN_UNREACHABLE_CODE = YES;
				CLANG_WARN__DUPLICATE_METHOD_MATCH = YES;
				CODE_SIGN_IDENTITY = "iPhone Developer";
				COPY_PHASE_STRIP = NO;
				DEBUG_INFORMATION_FORMAT = "dwarf-with-dsym";
				ENABLE_NS_ASSERTIONS = NO;
				ENABLE_STRICT_OBJC_MSGSEND = YES;
				GCC_C_LANGUAGE_STANDARD = gnu11;
				GCC_NO_COMMON_BLOCKS = YES;
				GCC_WARN_64_TO_32_BIT_CONVERSION = YES;
				GCC_WARN_ABOUT_RETURN_TYPE = YES_ERROR;
				GCC_WARN_UNDECLARED_SELECTOR = YES;
				GCC_WARN_UNINITIALIZED_AUTOS = YES_AGGRESSIVE;
				GCC_WARN_UNUSED_FUNCTION = YES;
				GCC_WARN_UNUSED_VARIABLE = YES;
				IPHONEOS_DEPLOYMENT_TARGET = 11.2;
				MTL_ENABLE_DEBUG_INFO = NO;
				SDKROOT = iphoneos;
				VALIDATE_PRODUCT = YES;
			};
			name = Release;
		};
		0F34B36E200CA220005FD49F /* Debug */ = {
			isa = XCBuildConfiguration;
			baseConfigurationReference = 1525C5305CA81EF1F0B526C1 /* Pods-GeBase.debug.xcconfig */;
			buildSettings = {
				ASSETCATALOG_COMPILER_APPICON_NAME = AppIcon;
				CODE_SIGN_STYLE = Manual;
				DEVELOPMENT_TEAM = "";
				INFOPLIST_FILE = GeBase/Info.plist;
				IPHONEOS_DEPLOYMENT_TARGET = 9.0;
				LD_RUNPATH_SEARCH_PATHS = "$(inherited) @executable_path/Frameworks";
				ONLY_ACTIVE_ARCH = NO;
				PRODUCT_BUNDLE_IDENTIFIER = com.lishi.GeBase;
				PRODUCT_NAME = "$(TARGET_NAME)";
				PROVISIONING_PROFILE_SPECIFIER = "";
				TARGETED_DEVICE_FAMILY = "1,2";
			};
			name = Debug;
		};
		0F34B36F200CA220005FD49F /* Release */ = {
			isa = XCBuildConfiguration;
			baseConfigurationReference = 35BD6864E5F77CBAEC910C87 /* Pods-GeBase.release.xcconfig */;
			buildSettings = {
				ASSETCATALOG_COMPILER_APPICON_NAME = AppIcon;
				CODE_SIGN_STYLE = Manual;
				DEVELOPMENT_TEAM = "";
				INFOPLIST_FILE = GeBase/Info.plist;
				IPHONEOS_DEPLOYMENT_TARGET = 9.0;
				LD_RUNPATH_SEARCH_PATHS = "$(inherited) @executable_path/Frameworks";
				ONLY_ACTIVE_ARCH = NO;
				PRODUCT_BUNDLE_IDENTIFIER = com.lishi.GeBase;
				PRODUCT_NAME = "$(TARGET_NAME)";
				PROVISIONING_PROFILE_SPECIFIER = "";
				TARGETED_DEVICE_FAMILY = "1,2";
			};
			name = Release;
		};
/* End XCBuildConfiguration section */

/* Begin XCConfigurationList section */
		0F34B352200CA220005FD49F /* Build configuration list for PBXProject "GeBase" */ = {
			isa = XCConfigurationList;
			buildConfigurations = (
				0F34B36B200CA220005FD49F /* Debug */,
				0F34B36C200CA220005FD49F /* Release */,
			);
			defaultConfigurationIsVisible = 0;
			defaultConfigurationName = Release;
		};
		0F34B36D200CA220005FD49F /* Build configuration list for PBXNativeTarget "GeBase" */ = {
			isa = XCConfigurationList;
			buildConfigurations = (
				0F34B36E200CA220005FD49F /* Debug */,
				0F34B36F200CA220005FD49F /* Release */,
			);
			defaultConfigurationIsVisible = 0;
			defaultConfigurationName = Release;
		};
/* End XCConfigurationList section */
	};
	rootObject = 0F34B34F200CA220005FD49F /* Project object */;
}
